{
    "_readme": [
        "This file locks the dependencies of your project to a known state",
        "Read more about it at https://getcomposer.org/doc/01-basic-usage.md#installing-dependencies",
        "This file is @generated automatically"
    ],
    "content-hash": "5c8a70a5a29cf0b0e71db5d8687be9e3",
    "packages": [
        {
            "name": "jmartz-gmbh/robo-config",
            "version": "dev-master",
            "source": {
                "type": "git",
                "url": "git@github.com:jmartz-gmbh/robo-config.git",
                "reference": "f5764ab6df702507d3d50f5cd6ee1c39a9607c16"
            },
            "dist": {
                "type": "zip",
                "url": "https://api.github.com/repos/jmartz-gmbh/robo-config/zipball/f5764ab6df702507d3d50f5cd6ee1c39a9607c16",
                "reference": "f5764ab6df702507d3d50f5cd6ee1c39a9607c16",
                "shasum": ""
            },
            "require": {
                "ext-json": "*",
                "php": "^7.3|^7.4"
            },
            "type": "library",
            "autoload": {
                "psr-4": {
                    "JmartzGmbh\\": "src/"
                }
            },
            "license": [
                "MIT"
            ],
            "authors": [
                {
                    "name": "jonathan-martz",
                    "email": "github@jmartz.de"
                }
            ],
            "description": "Robo Plugin for Config Managment",
            "support": {
                "source": "https://github.com/jmartz-gmbh/robo-config/tree/master",
                "issues": "https://github.com/jmartz-gmbh/robo-config/issues"
            },
            "time": "2020-03-17T19:27:01+00:00"
        }
    ],
    "packages-dev": [],
    "aliases": [],
    "minimum-stability": "stable",
    "stability-flags": {
        "jmartz-gmbh/robo-config": 20
    },
    "prefer-stable": false,
    "prefer-lowest": false,
    "platform": [],
    "platform-dev": [],
    "plugin-api-version": "1.1.0"
}
