{
    "_readme": [
        "This file locks the dependencies of your project to a known state",
        "Read more about it at https://getcomposer.org/doc/01-basic-usage.md#installing-dependencies",
        "This file is @generated automatically"
    ],
    "content-hash": "b95ee86325b43a97e5bba11d5b645846",
    "packages": [
        {
            "name": "jmartz-gmbh/anton-build",
            "version": "dev-master",
            "source": {
                "type": "git",
                "url": "https://github.com/jmartz-gmbh/anton-build.git",
                "reference": "fe5c91673a91ea2e742575e4d35a234425ba14d7"
            },
            "dist": {
                "type": "zip",
                "url": "https://api.github.com/repos/jmartz-gmbh/anton-build/zipball/fe5c91673a91ea2e742575e4d35a234425ba14d7",
                "reference": "fe5c91673a91ea2e742575e4d35a234425ba14d7",
                "shasum": ""
            },
            "require": {
                "ext-json": "*"
            },
            "default-branch": true,
            "type": "anton-module",
            "autoload": {
                "psr-4": {
                    "Anton\\": "src/"
                }
            },
            "notification-url": "https://packagist.org/downloads/",
            "license": [
                "MIT"
            ],
            "authors": [
                {
                    "name": "Jonathan Martz",
                    "email": "anton@jmartz.gmbh",
                    "homepage": "https://www.jmartz.de/"
                }
            ],
            "description": "Anton Build",
            "support": {
                "issues": "https://github.com/jmartz-gmbh/anton-build/issues",
                "source": "https://github.com/jmartz-gmbh/anton-build/tree/master"
            },
            "time": "2021-09-17T16:21:32+00:00"
        },
        {
            "name": "jmartz-gmbh/anton-collector",
            "version": "dev-master",
            "source": {
                "type": "git",
                "url": "https://github.com/jmartz-gmbh/anton-collector.git",
                "reference": "9a9831decfd7041a6aa726c22e7f5b4037b92132"
            },
            "dist": {
                "type": "zip",
                "url": "https://api.github.com/repos/jmartz-gmbh/anton-collector/zipball/9a9831decfd7041a6aa726c22e7f5b4037b92132",
                "reference": "9a9831decfd7041a6aa726c22e7f5b4037b92132",
                "shasum": ""
            },
            "require": {
                "ext-json": "*"
            },
            "default-branch": true,
            "type": "anton-module",
            "autoload": {
                "psr-4": {
                    "Anton\\": "src/"
                }
            },
            "notification-url": "https://packagist.org/downloads/",
            "license": [
                "MIT"
            ],
            "authors": [
                {
                    "name": "Jonathan Martz",
                    "email": "anton@jmartz.gmbh",
                    "homepage": "https://www.jmartz.de/"
                }
            ],
            "description": "Anton Collector",
            "support": {
                "issues": "https://github.com/jmartz-gmbh/anton-collector/issues",
                "source": "https://github.com/jmartz-gmbh/anton-collector/tree/master"
            },
            "time": "2021-06-19T17:02:37+00:00"
        },
        {
            "name": "jmartz-gmbh/anton-config",
            "version": "dev-master",
            "source": {
                "type": "git",
                "url": "https://github.com/jmartz-gmbh/anton-config.git",
                "reference": "e071df30cc22387990b41c1acc157587b0c9b1fd"
            },
            "dist": {
                "type": "zip",
                "url": "https://api.github.com/repos/jmartz-gmbh/anton-config/zipball/e071df30cc22387990b41c1acc157587b0c9b1fd",
                "reference": "e071df30cc22387990b41c1acc157587b0c9b1fd",
                "shasum": ""
            },
            "require": {
                "ext-json": "*"
            },
            "default-branch": true,
            "type": "anton-module",
            "autoload": {
                "psr-4": {
                    "Anton\\": "src/"
                }
            },
            "notification-url": "https://packagist.org/downloads/",
            "license": [
                "MIT"
            ],
            "authors": [
                {
                    "name": "Jonathan Martz",
                    "email": "anton@jmartz.gmbh",
                    "homepage": "https://www.jmartz.de/"
                }
            ],
            "description": "Anton Config",
            "support": {
                "issues": "https://github.com/jmartz-gmbh/anton-config/issues",
                "source": "https://github.com/jmartz-gmbh/anton-config/tree/master"
            },
            "time": "2021-06-19T17:01:46+00:00"
        },
        {
            "name": "jmartz-gmbh/anton-jobber",
            "version": "dev-master",
            "source": {
                "type": "git",
                "url": "https://github.com/jmartz-gmbh/anton-jobber.git",
                "reference": "0b83a31fc13175332a182bb5a1db581992fd7857"
            },
            "dist": {
                "type": "zip",
                "url": "https://api.github.com/repos/jmartz-gmbh/anton-jobber/zipball/0b83a31fc13175332a182bb5a1db581992fd7857",
                "reference": "0b83a31fc13175332a182bb5a1db581992fd7857",
                "shasum": ""
            },
            "require": {
                "ext-json": "*"
            },
            "default-branch": true,
            "type": "anton-module",
            "autoload": {
                "psr-4": {
                    "Anton\\": "src/"
                }
            },
            "notification-url": "https://packagist.org/downloads/",
            "license": [
                "MIT"
            ],
            "authors": [
                {
                    "name": "Jonathan Martz",
                    "email": "anton@jmartz.gmbh",
                    "homepage": "https://www.jmartz.de/"
                }
            ],
            "description": "Anton Jobber",
            "support": {
                "issues": "https://github.com/jmartz-gmbh/anton-jobber/issues",
                "source": "https://github.com/jmartz-gmbh/anton-jobber/tree/master"
            },
            "time": "2021-06-19T17:05:48+00:00"
        },
        {
            "name": "jmartz-gmbh/anton-log",
            "version": "dev-master",
            "source": {
                "type": "git",
                "url": "https://github.com/jmartz-gmbh/anton-log.git",
                "reference": "e8841f96cbabd28259beb9be198d5e8fbdf61c4a"
            },
            "dist": {
                "type": "zip",
                "url": "https://api.github.com/repos/jmartz-gmbh/anton-log/zipball/e8841f96cbabd28259beb9be198d5e8fbdf61c4a",
                "reference": "e8841f96cbabd28259beb9be198d5e8fbdf61c4a",
                "shasum": ""
            },
            "require": {
                "ext-json": "*"
            },
            "default-branch": true,
            "type": "anton-module",
            "autoload": {
                "psr-4": {
                    "Anton\\": "src/"
                }
            },
            "notification-url": "https://packagist.org/downloads/",
            "license": [
                "MIT"
            ],
            "authors": [
                {
                    "name": "Jonathan Martz",
                    "email": "anton@jmartz.gmbh",
                    "homepage": "https://www.jmartz.de/"
                }
            ],
            "description": "Anton Log",
            "support": {
                "issues": "https://github.com/jmartz-gmbh/anton-log/issues",
                "source": "https://github.com/jmartz-gmbh/anton-log/tree/master"
            },
            "time": "2021-06-19T17:01:49+00:00"
        },
        {
            "name": "jmartz-gmbh/anton-validator",
            "version": "dev-master",
            "source": {
                "type": "git",
                "url": "https://github.com/jmartz-gmbh/anton-validator.git",
                "reference": "c3aeb3548bd8c6b3fbc98394c3a59402f02ce4e6"
            },
            "dist": {
                "type": "zip",
                "url": "https://api.github.com/repos/jmartz-gmbh/anton-validator/zipball/c3aeb3548bd8c6b3fbc98394c3a59402f02ce4e6",
                "reference": "c3aeb3548bd8c6b3fbc98394c3a59402f02ce4e6",
                "shasum": ""
            },
            "require": {
                "ext-json": "*"
            },
            "default-branch": true,
            "type": "anton-module",
            "autoload": {
                "psr-4": {
                    "Anton\\": "src/"
                }
            },
            "notification-url": "https://packagist.org/downloads/",
            "license": [
                "MIT"
            ],
            "authors": [
                {
                    "name": "Jonathan Martz",
                    "email": "anton@jmartz.gmbh",
                    "homepage": "https://www.jmartz.de/"
                }
            ],
            "description": "Anton Validator",
            "support": {
                "issues": "https://github.com/jmartz-gmbh/anton-validator/issues",
                "source": "https://github.com/jmartz-gmbh/anton-validator/tree/master"
            },
            "time": "2021-06-19T17:02:34+00:00"
        }
    ],
    "packages-dev": [],
    "aliases": [],
    "minimum-stability": "stable",
    "stability-flags": {
        "jmartz-gmbh/anton-build": 20,
        "jmartz-gmbh/anton-collector": 20,
        "jmartz-gmbh/anton-config": 20,
        "jmartz-gmbh/anton-jobber": 20,
        "jmartz-gmbh/anton-log": 20,
        "jmartz-gmbh/anton-validator": 20
    },
    "prefer-stable": false,
    "prefer-lowest": false,
    "platform": {
        "ext-json": "*"
    },
    "platform-dev": [],
    "plugin-api-version": "2.0.0"
}
